
Microsoft Visual Studio Solution File, Format Version 12.00
# Visual Studio Version 16
VisualStudioVersion = 16.0.31613.86
MinimumVisualStudioVersion = 10.0.40219.1
Project("{D2ABAB84-BF74-430A-B69E-9DC6D40DDA17}") = "SSASMultidimensionalProject", "SSASMultidimensionalProject.dwproj", "{75BFDC70-D2C6-4504-A2B7-C327148DE02D}"
EndProject
Global
	GlobalSection(SolutionConfigurationPlatforms) = preSolution
		Development|Default = Development|Default
	EndGlobalSection
	GlobalSection(ProjectConfigurationPlatforms) = postSolution
		{75BFDC70-D2C6-4504-A2B7-C327148DE02D}.Development|Default.ActiveCfg = Development
		{75BFDC70-D2C6-4504-A2B7-C327148DE02D}.Development|Default.Build.0 = Development
		{75BFDC70-D2C6-4504-A2B7-C327148DE02D}.Development|Default.Deploy.0 = Development
	EndGlobalSection
	GlobalSection(SolutionProperties) = preSolution
		HideSolutionNode = FALSE
	EndGlobalSection
	GlobalSection(ExtensibilityGlobals) = postSolution
		SolutionGuid = {5CDC62C4-013E-4CE5-8F62-07EAA1B5DCEE}
	EndGlobalSection
EndGlobal
